
Microsoft Visual Studio Solution File, Format Version 12.00
# Visual Studio Version 16
VisualStudioVersion = 16.0.30503.244
MinimumVisualStudioVersion = 10.0.40219.1
Project("{8BC9CEB8-8B4A-11D0-8D11-00A0C91BC942}") = "Tetris", "Tetris\Tetris.vcxproj", "{CAD806C7-982E-4170-A0D8-62A82CA22A7C}"
EndProject
Global
	GlobalSection(SolutionConfigurationPlatforms) = preSolution
		Debug|x64 = Debug|x64
		Debug|x86 = Debug|x86
		Release|x64 = Release|x64
		Release|x86 = Release|x86
	EndGlobalSection
	GlobalSection(ProjectConfigurationPlatforms) = postSolution
		{CAD806C7-982E-4170-A0D8-62A82CA22A7C}.Debug|x64.ActiveCfg = Debug|x64
		{CAD806C7-982E-4170-A0D8-62A82CA22A7C}.Debug|x64.Build.0 = Debug|x64
		{CAD806C7-982E-4170-A0D8-62A82CA22A7C}.Debug|x86.ActiveCfg = Debug|Win32
		{CAD806C7-982E-4170-A0D8-62A82CA22A7C}.Debug|x86.Build.0 = Debug|Win32
		{CAD806C7-982E-4170-A0D8-62A82CA22A7C}.Release|x64.ActiveCfg = Release|x64
		{CAD806C7-982E-4170-A0D8-62A82CA22A7C}.Release|x64.Build.0 = Release|x64
		{CAD806C7-982E-4170-A0D8-62A82CA22A7C}.Release|x86.ActiveCfg = Release|Win32
		{CAD806C7-982E-4170-A0D8-62A82CA22A7C}.Release|x86.Build.0 = Release|Win32
	EndGlobalSection
	GlobalSection(SolutionProperties) = preSolution
		HideSolutionNode = FALSE
	EndGlobalSection
	GlobalSection(ExtensibilityGlobals) = postSolution
		SolutionGuid = {639A843E-A7AE-4747-AA29-1DF45B2C42F7}
	EndGlobalSection
EndGlobal
